{
  "nodes": {
    "nixpkgs": {
      "locked": {
        "lastModified": 1760361452,
        "narHash": "sha256-8UnPIBkRbXB4uXRTdnxcyemy/O3F6mCFiMjGr8uNUGM=",
        "owner": "nixos",
        "repo": "nixpkgs",
        "rev": "63da5ef6e56553ab9eb1b74346d5875173d7de66",
        "type": "github"
      },
      "original": {
        "owner": "nixos",
        "repo": "nixpkgs",
        "type": "github"
      }
    },
    "root": {
      "inputs": {
        "nixpkgs": "nixpkgs"
      }
    }
  },
  "root": "root",
  "version": 7
}
