{
  "nodes": {
    "nixpkgs": {
      "locked": {
        "lastModified": 1721834098,
        "narHash": "sha256-EgcH9NzOoW0sgnzWCxgMTDPSAW8TvpZsqJI7PAoAEhw=",
        "owner": "nixos",
        "repo": "nixpkgs",
        "rev": "997332b0816e693d7985138f78757280245f7933",
        "type": "github"
      },
      "original": {
        "owner": "nixos",
        "repo": "nixpkgs",
        "type": "github"
      }
    },
    "root": {
      "inputs": {
        "nixpkgs": "nixpkgs"
      }
    }
  },
  "root": "root",
  "version": 7
}
