{
  "nodes": {
    "nixpkgs": {
      "locked": {
        "lastModified": 1706537207,
        "narHash": "sha256-tWngp3MYBL707o0D+JvKhkkdPTIkBIzuwWx5MZGc7HE=",
        "owner": "nixos",
        "repo": "nixpkgs",
        "rev": "f8f3ace6ec0e6b2514c796bf3d7a3a9127813be6",
        "type": "github"
      },
      "original": {
        "owner": "nixos",
        "repo": "nixpkgs",
        "type": "github"
      }
    },
    "root": {
      "inputs": {
        "nixpkgs": "nixpkgs"
      }
    }
  },
  "root": "root",
  "version": 7
}
